
Microsoft Visual Studio Solution File, Format Version 12.00
# Visual Studio Version 16
VisualStudioVersion = 16.0.29424.173
MinimumVisualStudioVersion = 10.0.40219.1
Project("{9A19103F-16F7-4668-BE54-9A1E7A4F7556}") = "MV.Shell", "MV.Shell\MV.Shell.csproj", "{F337CB30-70CF-4965-A726-13A5928B1E33}"
	ProjectSection(ProjectDependencies) = postProject
		{42753803-75B7-4EC5-B0CF-18318BEB23DE} = {42753803-75B7-4EC5-B0CF-18318BEB23DE}
		{BD515522-2DF2-4062-8129-F1AB3915F9CA} = {BD515522-2DF2-4062-8129-F1AB3915F9CA}
		{22FBBF5C-852D-40DF-A836-2518D7D5C9E6} = {22FBBF5C-852D-40DF-A836-2518D7D5C9E6}
		{F5B18CE0-1A8A-415A-A5CC-A5818F0EA036} = {F5B18CE0-1A8A-415A-A5CC-A5818F0EA036}
		{44E627F4-F353-403D-BD47-6D019A50E28A} = {44E627F4-F353-403D-BD47-6D019A50E28A}
	EndProjectSection
EndProject
Project("{9A19103F-16F7-4668-BE54-9A1E7A4F7556}") = "MV.Core", "MV.Core\MV.Core.csproj", "{42753803-75B7-4EC5-B0CF-18318BEB23DE}"
EndProject
Project("{9A19103F-16F7-4668-BE54-9A1E7A4F7556}") = "MV.UI", "MV.UI\MV.UI.csproj", "{F5B18CE0-1A8A-415A-A5CC-A5818F0EA036}"
EndProject
Project("{9A19103F-16F7-4668-BE54-9A1E7A4F7556}") = "MV.Resources", "MV.Resources\MV.Resources.csproj", "{BD515522-2DF2-4062-8129-F1AB3915F9CA}"
EndProject
Project("{9A19103F-16F7-4668-BE54-9A1E7A4F7556}") = "MV.Controls", "MV.Controls\MV.Controls.csproj", "{44E627F4-F353-403D-BD47-6D019A50E28A}"
EndProject
Project("{9A19103F-16F7-4668-BE54-9A1E7A4F7556}") = "MV.Core.TransferService", "MV.Core.TransferService\MV.Core.TransferService.csproj", "{22FBBF5C-852D-40DF-A836-2518D7D5C9E6}"
EndProject
Project("{2150E333-8FDC-42A3-9474-1A3956D46DE8}") = "Modules", "Modules", "{DA3A0E24-F310-42DF-89C1-B0DFFEF3CF5E}"
EndProject
Project("{9A19103F-16F7-4668-BE54-9A1E7A4F7556}") = "Group", "Modules\Group\Group.csproj", "{B976F893-BBF5-4212-B81E-79DAE9B09D31}"
EndProject
Project("{9A19103F-16F7-4668-BE54-9A1E7A4F7556}") = "MV.Authentication", "MV.Authentication\MV.Authentication.csproj", "{420047EF-BD05-405D-A07E-ECEC939C51C8}"
EndProject
Project("{9A19103F-16F7-4668-BE54-9A1E7A4F7556}") = "MV.Modules.RD402", "MV.Modules.RD402\MV.Modules.RD402.csproj", "{6B761425-87D3-42F2-B4A7-F6149639EC04}"
EndProject
Project("{2150E333-8FDC-42A3-9474-1A3956D46DE8}") = "Solution Items", "Solution Items", "{CA60F05B-C91E-4CF5-8C59-939D90050ACF}"
	ProjectSection(SolutionItems) = preProject
		.editorconfig = .editorconfig
	EndProjectSection
EndProject
Project("{9A19103F-16F7-4668-BE54-9A1E7A4F7556}") = "Mv.Modules.P99", "Mv.Modules.P99\Mv.Modules.P99.csproj", "{08CE1463-4D24-491A-AD1C-5E526B333D76}"
EndProject
Project("{9A19103F-16F7-4668-BE54-9A1E7A4F7556}") = "Mv.Modules.P92A", "Mv.Modules.P92A\Mv.Modules.P92A.csproj", "{932684F4-BEAE-4A7B-8BD3-6673E1B76384}"
EndProject
Global
	GlobalSection(SolutionConfigurationPlatforms) = preSolution
		Debug|Any CPU = Debug|Any CPU
		Debug|x86 = Debug|x86
		Release|Any CPU = Release|Any CPU
		Release|x86 = Release|x86
	EndGlobalSection
	GlobalSection(ProjectConfigurationPlatforms) = postSolution
		{F337CB30-70CF-4965-A726-13A5928B1E33}.Debug|Any CPU.ActiveCfg = Debug|Any CPU
		{F337CB30-70CF-4965-A726-13A5928B1E33}.Debug|Any CPU.Build.0 = Debug|Any CPU
		{F337CB30-70CF-4965-A726-13A5928B1E33}.Debug|x86.ActiveCfg = Debug|x86
		{F337CB30-70CF-4965-A726-13A5928B1E33}.Debug|x86.Build.0 = Debug|x86
		{F337CB30-70CF-4965-A726-13A5928B1E33}.Release|Any CPU.ActiveCfg = Release|Any CPU
		{F337CB30-70CF-4965-A726-13A5928B1E33}.Release|Any CPU.Build.0 = Release|Any CPU
		{F337CB30-70CF-4965-A726-13A5928B1E33}.Release|x86.ActiveCfg = Release|x86
		{F337CB30-70CF-4965-A726-13A5928B1E33}.Release|x86.Build.0 = Release|x86
		{42753803-75B7-4EC5-B0CF-18318BEB23DE}.Debug|Any CPU.ActiveCfg = Debug|Any CPU
		{42753803-75B7-4EC5-B0CF-18318BEB23DE}.Debug|Any CPU.Build.0 = Debug|Any CPU
		{42753803-75B7-4EC5-B0CF-18318BEB23DE}.Debug|x86.ActiveCfg = Debug|x86
		{42753803-75B7-4EC5-B0CF-18318BEB23DE}.Debug|x86.Build.0 = Debug|x86
		{42753803-75B7-4EC5-B0CF-18318BEB23DE}.Release|Any CPU.ActiveCfg = Release|Any CPU
		{42753803-75B7-4EC5-B0CF-18318BEB23DE}.Release|Any CPU.Build.0 = Release|Any CPU
		{42753803-75B7-4EC5-B0CF-18318BEB23DE}.Release|x86.ActiveCfg = Release|x86
		{42753803-75B7-4EC5-B0CF-18318BEB23DE}.Release|x86.Build.0 = Release|x86
		{F5B18CE0-1A8A-415A-A5CC-A5818F0EA036}.Debug|Any CPU.ActiveCfg = Debug|Any CPU
		{F5B18CE0-1A8A-415A-A5CC-A5818F0EA036}.Debug|Any CPU.Build.0 = Debug|Any CPU
		{F5B18CE0-1A8A-415A-A5CC-A5818F0EA036}.Debug|x86.ActiveCfg = Debug|x86
		{F5B18CE0-1A8A-415A-A5CC-A5818F0EA036}.Debug|x86.Build.0 = Debug|x86
		{F5B18CE0-1A8A-415A-A5CC-A5818F0EA036}.Release|Any CPU.ActiveCfg = Release|Any CPU
		{F5B18CE0-1A8A-415A-A5CC-A5818F0EA036}.Release|Any CPU.Build.0 = Release|Any CPU
		{F5B18CE0-1A8A-415A-A5CC-A5818F0EA036}.Release|x86.ActiveCfg = Release|x86
		{F5B18CE0-1A8A-415A-A5CC-A5818F0EA036}.Release|x86.Build.0 = Release|x86
		{BD515522-2DF2-4062-8129-F1AB3915F9CA}.Debug|Any CPU.ActiveCfg = Debug|Any CPU
		{BD515522-2DF2-4062-8129-F1AB3915F9CA}.Debug|Any CPU.Build.0 = Debug|Any CPU
		{BD515522-2DF2-4062-8129-F1AB3915F9CA}.Debug|x86.ActiveCfg = Debug|x86
		{BD515522-2DF2-4062-8129-F1AB3915F9CA}.Debug|x86.Build.0 = Debug|x86
		{BD515522-2DF2-4062-8129-F1AB3915F9CA}.Release|Any CPU.ActiveCfg = Release|Any CPU
		{BD515522-2DF2-4062-8129-F1AB3915F9CA}.Release|Any CPU.Build.0 = Release|Any CPU
		{BD515522-2DF2-4062-8129-F1AB3915F9CA}.Release|x86.ActiveCfg = Release|x86
		{BD515522-2DF2-4062-8129-F1AB3915F9CA}.Release|x86.Build.0 = Release|x86
		{44E627F4-F353-403D-BD47-6D019A50E28A}.Debug|Any CPU.ActiveCfg = Debug|Any CPU
		{44E627F4-F353-403D-BD47-6D019A50E28A}.Debug|Any CPU.Build.0 = Debug|Any CPU
		{44E627F4-F353-403D-BD47-6D019A50E28A}.Debug|x86.ActiveCfg = Debug|x86
		{44E627F4-F353-403D-BD47-6D019A50E28A}.Debug|x86.Build.0 = Debug|x86
		{44E627F4-F353-403D-BD47-6D019A50E28A}.Release|Any CPU.ActiveCfg = Release|Any CPU
		{44E627F4-F353-403D-BD47-6D019A50E28A}.Release|Any CPU.Build.0 = Release|Any CPU
		{44E627F4-F353-403D-BD47-6D019A50E28A}.Release|x86.ActiveCfg = Release|x86
		{44E627F4-F353-403D-BD47-6D019A50E28A}.Release|x86.Build.0 = Release|x86
		{22FBBF5C-852D-40DF-A836-2518D7D5C9E6}.Debug|Any CPU.ActiveCfg = Debug|Any CPU
		{22FBBF5C-852D-40DF-A836-2518D7D5C9E6}.Debug|Any CPU.Build.0 = Debug|Any CPU
		{22FBBF5C-852D-40DF-A836-2518D7D5C9E6}.Debug|x86.ActiveCfg = Debug|x86
		{22FBBF5C-852D-40DF-A836-2518D7D5C9E6}.Debug|x86.Build.0 = Debug|x86
		{22FBBF5C-852D-40DF-A836-2518D7D5C9E6}.Release|Any CPU.ActiveCfg = Release|Any CPU
		{22FBBF5C-852D-40DF-A836-2518D7D5C9E6}.Release|Any CPU.Build.0 = Release|Any CPU
		{22FBBF5C-852D-40DF-A836-2518D7D5C9E6}.Release|x86.ActiveCfg = Release|x86
		{22FBBF5C-852D-40DF-A836-2518D7D5C9E6}.Release|x86.Build.0 = Release|x86
		{B976F893-BBF5-4212-B81E-79DAE9B09D31}.Debug|Any CPU.ActiveCfg = Debug|Any CPU
		{B976F893-BBF5-4212-B81E-79DAE9B09D31}.Debug|Any CPU.Build.0 = Debug|Any CPU
		{B976F893-BBF5-4212-B81E-79DAE9B09D31}.Debug|x86.ActiveCfg = Debug|x86
		{B976F893-BBF5-4212-B81E-79DAE9B09D31}.Debug|x86.Build.0 = Debug|x86
		{B976F893-BBF5-4212-B81E-79DAE9B09D31}.Release|Any CPU.ActiveCfg = Release|Any CPU
		{B976F893-BBF5-4212-B81E-79DAE9B09D31}.Release|Any CPU.Build.0 = Release|Any CPU
		{B976F893-BBF5-4212-B81E-79DAE9B09D31}.Release|x86.ActiveCfg = Release|x86
		{B976F893-BBF5-4212-B81E-79DAE9B09D31}.Release|x86.Build.0 = Release|x86
		{420047EF-BD05-405D-A07E-ECEC939C51C8}.Debug|Any CPU.ActiveCfg = Debug|Any CPU
		{420047EF-BD05-405D-A07E-ECEC939C51C8}.Debug|Any CPU.Build.0 = Debug|Any CPU
		{420047EF-BD05-405D-A07E-ECEC939C51C8}.Debug|x86.ActiveCfg = Debug|x86
		{420047EF-BD05-405D-A07E-ECEC939C51C8}.Debug|x86.Build.0 = Debug|x86
		{420047EF-BD05-405D-A07E-ECEC939C51C8}.Release|Any CPU.ActiveCfg = Release|Any CPU
		{420047EF-BD05-405D-A07E-ECEC939C51C8}.Release|Any CPU.Build.0 = Release|Any CPU
		{420047EF-BD05-405D-A07E-ECEC939C51C8}.Release|x86.ActiveCfg = Release|x86
		{420047EF-BD05-405D-A07E-ECEC939C51C8}.Release|x86.Build.0 = Release|x86
		{6B761425-87D3-42F2-B4A7-F6149639EC04}.Debug|Any CPU.ActiveCfg = Debug|Any CPU
		{6B761425-87D3-42F2-B4A7-F6149639EC04}.Debug|Any CPU.Build.0 = Debug|Any CPU
		{6B761425-87D3-42F2-B4A7-F6149639EC04}.Debug|x86.ActiveCfg = Debug|x86
		{6B761425-87D3-42F2-B4A7-F6149639EC04}.Debug|x86.Build.0 = Debug|x86
		{6B761425-87D3-42F2-B4A7-F6149639EC04}.Release|Any CPU.ActiveCfg = Release|Any CPU
		{6B761425-87D3-42F2-B4A7-F6149639EC04}.Release|Any CPU.Build.0 = Release|Any CPU
		{6B761425-87D3-42F2-B4A7-F6149639EC04}.Release|x86.ActiveCfg = Release|x86
		{6B761425-87D3-42F2-B4A7-F6149639EC04}.Release|x86.Build.0 = Release|x86
		{08CE1463-4D24-491A-AD1C-5E526B333D76}.Debug|Any CPU.ActiveCfg = Debug|Any CPU
		{08CE1463-4D24-491A-AD1C-5E526B333D76}.Debug|Any CPU.Build.0 = Debug|Any CPU
		{08CE1463-4D24-491A-AD1C-5E526B333D76}.Debug|x86.ActiveCfg = Debug|x86
		{08CE1463-4D24-491A-AD1C-5E526B333D76}.Debug|x86.Build.0 = Debug|x86
		{08CE1463-4D24-491A-AD1C-5E526B333D76}.Release|Any CPU.ActiveCfg = Release|Any CPU
		{08CE1463-4D24-491A-AD1C-5E526B333D76}.Release|Any CPU.Build.0 = Release|Any CPU
		{08CE1463-4D24-491A-AD1C-5E526B333D76}.Release|x86.ActiveCfg = Release|x86
		{08CE1463-4D24-491A-AD1C-5E526B333D76}.Release|x86.Build.0 = Release|x86
		{932684F4-BEAE-4A7B-8BD3-6673E1B76384}.Debug|Any CPU.ActiveCfg = Debug|Any CPU
		{932684F4-BEAE-4A7B-8BD3-6673E1B76384}.Debug|Any CPU.Build.0 = Debug|Any CPU
		{932684F4-BEAE-4A7B-8BD3-6673E1B76384}.Debug|x86.ActiveCfg = Debug|x86
		{932684F4-BEAE-4A7B-8BD3-6673E1B76384}.Debug|x86.Build.0 = Debug|x86
		{932684F4-BEAE-4A7B-8BD3-6673E1B76384}.Release|Any CPU.ActiveCfg = Release|Any CPU
		{932684F4-BEAE-4A7B-8BD3-6673E1B76384}.Release|Any CPU.Build.0 = Release|Any CPU
		{932684F4-BEAE-4A7B-8BD3-6673E1B76384}.Release|x86.ActiveCfg = Release|x86
		{932684F4-BEAE-4A7B-8BD3-6673E1B76384}.Release|x86.Build.0 = Release|x86
	EndGlobalSection
	GlobalSection(SolutionProperties) = preSolution
		HideSolutionNode = FALSE
	EndGlobalSection
	GlobalSection(NestedProjects) = preSolution
		{B976F893-BBF5-4212-B81E-79DAE9B09D31} = {DA3A0E24-F310-42DF-89C1-B0DFFEF3CF5E}
		{6B761425-87D3-42F2-B4A7-F6149639EC04} = {DA3A0E24-F310-42DF-89C1-B0DFFEF3CF5E}
		{08CE1463-4D24-491A-AD1C-5E526B333D76} = {DA3A0E24-F310-42DF-89C1-B0DFFEF3CF5E}
		{932684F4-BEAE-4A7B-8BD3-6673E1B76384} = {DA3A0E24-F310-42DF-89C1-B0DFFEF3CF5E}
	EndGlobalSection
	GlobalSection(ExtensibilityGlobals) = postSolution
		SolutionGuid = {EE969CC2-8FAF-47B4-A4FD-5BB4C369A85C}
	EndGlobalSection
EndGlobal
